
Microsoft Visual Studio Solution File, Format Version 12.00
# Visual Studio Version 17
VisualStudioVersion = 17.10.34928.147
MinimumVisualStudioVersion = 10.0.40219.1
Project("{FAE04EC0-301F-11D3-BF4B-00C04F79EFBC}") = "TimeTranslation", "TimeTranslation\TimeTranslation.csproj", "{0B4D7644-1043-4944-A039-969897111107}"
EndProject
Global
	GlobalSection(SolutionConfigurationPlatforms) = preSolution
		Debug|Any CPU = Debug|Any CPU
		Release|Any CPU = Release|Any CPU
	EndGlobalSection
	GlobalSection(ProjectConfigurationPlatforms) = postSolution
		{0B4D7644-1043-4944-A039-969897111107}.Debug|Any CPU.ActiveCfg = Debug|Any CPU
		{0B4D7644-1043-4944-A039-969897111107}.Debug|Any CPU.Build.0 = Debug|Any CPU
		{0B4D7644-1043-4944-A039-969897111107}.Release|Any CPU.ActiveCfg = Release|Any CPU
		{0B4D7644-1043-4944-A039-969897111107}.Release|Any CPU.Build.0 = Release|Any CPU
	EndGlobalSection
	GlobalSection(SolutionProperties) = preSolution
		HideSolutionNode = FALSE
	EndGlobalSection
	GlobalSection(ExtensibilityGlobals) = postSolution
		SolutionGuid = {66BA12E2-C936-4D19-A7B5-7A47EF8C8609}
	EndGlobalSection
EndGlobal
